// !$*UTF8*$!
{
	archiveVersion = 1;
	classes = {
	};
	objectVersion = 46;
	objects = {

/* Begin PBXBuildFile section */
		085895E9042198933EC1FCC1 /* libPods-RealEstate.a in Frameworks */ = {isa = PBXBuildFile; fileRef = FB9345D54F4B57102C6C5998 /* libPods-RealEstate.a */; };
		097EDD231FD11B6A0049C6D0 /* main.m in Sources */ = {isa = PBXBuildFile; fileRef = 097EDD221FD11B6A0049C6D0 /* main.m */; };
		097EDD261FD11B6A0049C6D0 /* AppDelegate.m in Sources */ = {isa = PBXBuildFile; fileRef = 097EDD251FD11B6A0049C6D0 /* AppDelegate.m */; };
		097EDD2C1FD11B6A0049C6D0 /* Main.storyboard in Resources */ = {isa = PBXBuildFile; fileRef = 097EDD2A1FD11B6A0049C6D0 /* Main.storyboard */; };
		097EDD2E1FD11B6A0049C6D0 /* Assets.xcassets in Resources */ = {isa = PBXBuildFile; fileRef = 097EDD2D1FD11B6A0049C6D0 /* Assets.xcassets */; };
		097EDD311FD11B6A0049C6D0 /* LaunchScreen.storyboard in Resources */ = {isa = PBXBuildFile; fileRef = 097EDD2F1FD11B6A0049C6D0 /* LaunchScreen.storyboard */; };
		097EDD551FD184840049C6D0 /* ReceiptVC.m in Sources */ = {isa = PBXBuildFile; fileRef = 097EDD541FD184840049C6D0 /* ReceiptVC.m */; };
		097EDD591FD193B30049C6D0 /* UnitDetailList_CollectionCell.m in Sources */ = {isa = PBXBuildFile; fileRef = 097EDD581FD193B30049C6D0 /* UnitDetailList_CollectionCell.m */; };
		09821A701FD6626E0082CD3E /* WToast.m in Sources */ = {isa = PBXBuildFile; fileRef = 09821A6F1FD6626E0082CD3E /* WToast.m */; };
		09821A741FD662840082CD3E /* Utility.m in Sources */ = {isa = PBXBuildFile; fileRef = 09821A731FD662840082CD3E /* Utility.m */; };
		09821A821FD6637B0082CD3E /* Reachability.m in Sources */ = {isa = PBXBuildFile; fileRef = 09821A811FD6637B0082CD3E /* Reachability.m */; };
		09821A851FD6648E0082CD3E /* HomeVC.m in Sources */ = {isa = PBXBuildFile; fileRef = 09821A841FD6648E0082CD3E /* HomeVC.m */; };
		09821A891FD6796A0082CD3E /* DocumentListVC.m in Sources */ = {isa = PBXBuildFile; fileRef = 09821A881FD6796A0082CD3E /* DocumentListVC.m */; };
		09821A8D1FD69BD30082CD3E /* UploadDocumentVC.m in Sources */ = {isa = PBXBuildFile; fileRef = 09821A8C1FD69BD30082CD3E /* UploadDocumentVC.m */; };
		09821A941FD6AAD00082CD3E /* CellUnitDetail.m in Sources */ = {isa = PBXBuildFile; fileRef = 09821A931FD6AAD00082CD3E /* CellUnitDetail.m */; };
		09821A971FD6AB0D0082CD3E /* UnitAvailabilityListVC.m in Sources */ = {isa = PBXBuildFile; fileRef = 09821A961FD6AB0D0082CD3E /* UnitAvailabilityListVC.m */; };
		09821A9C1FD6B3100082CD3E /* UnitAvailabilityDetailVC.m in Sources */ = {isa = PBXBuildFile; fileRef = 09821A9B1FD6B3100082CD3E /* UnitAvailabilityDetailVC.m */; };
		09821A9E1FD6CF6E0082CD3E /* loginVc.m in Sources */ = {isa = PBXBuildFile; fileRef = 09821A9D1FD6CF6E0082CD3E /* loginVc.m */; };
		099DD0EE1FD7B7B4007B4BEA /* NIDropDown.m in Sources */ = {isa = PBXBuildFile; fileRef = 099DD0ED1FD7B7B4007B4BEA /* NIDropDown.m */; };
		09C5EDE91FD511B000478354 /* PayOutVC.m in Sources */ = {isa = PBXBuildFile; fileRef = 09C5EDE81FD511B000478354 /* PayOutVC.m */; };
		09C5EDEC1FD511C700478354 /* CustomerVC.m in Sources */ = {isa = PBXBuildFile; fileRef = 09C5EDEB1FD511C700478354 /* CustomerVC.m */; };
		09C5EDF51FD511E700478354 /* CollectionVC.m in Sources */ = {isa = PBXBuildFile; fileRef = 09C5EDF41FD511E700478354 /* CollectionVC.m */; };
		09C5EDFB1FD5460000478354 /* AddCustomerVC.m in Sources */ = {isa = PBXBuildFile; fileRef = 09C5EDFA1FD5460000478354 /* AddCustomerVC.m */; };
		09C5EDFF1FD5554C00478354 /* CustomerDetailVC.m in Sources */ = {isa = PBXBuildFile; fileRef = 09C5EDFE1FD5554C00478354 /* CustomerDetailVC.m */; };
		09C5EE031FD559AC00478354 /* UITextView+Placeholder.m in Sources */ = {isa = PBXBuildFile; fileRef = 09C5EE021FD559AC00478354 /* UITextView+Placeholder.m */; };
		09C5EE0A1FD574ED00478354 /* UnitPrice_TblCellVC.m in Sources */ = {isa = PBXBuildFile; fileRef = 09C5EE091FD574ED00478354 /* UnitPrice_TblCellVC.m */; };
		09C5EE111FD583FC00478354 /* BookingListVC.m in Sources */ = {isa = PBXBuildFile; fileRef = 09C5EE101FD583FC00478354 /* BookingListVC.m */; };
		09C5EE161FD58EEA00478354 /* AddBookingVC.m in Sources */ = {isa = PBXBuildFile; fileRef = 09C5EE151FD58EEA00478354 /* AddBookingVC.m */; };
/* End PBXBuildFile section */

/* Begin PBXFileReference section */
		097EDD1E1FD11B6A0049C6D0 /* RealEstate.app */ = {isa = PBXFileReference; explicitFileType = wrapper.application; includeInIndex = 0; path = RealEstate.app; sourceTree = BUILT_PRODUCTS_DIR; };
		097EDD221FD11B6A0049C6D0 /* main.m */ = {isa = PBXFileReference; lastKnownFileType = sourcecode.c.objc; path = main.m; sourceTree = "<group>"; };
		097EDD241FD11B6A0049C6D0 /* AppDelegate.h */ = {isa = PBXFileReference; lastKnownFileType = sourcecode.c.h; path = AppDelegate.h; sourceTree = "<group>"; };
		097EDD251FD11B6A0049C6D0 /* AppDelegate.m */ = {isa = PBXFileReference; lastKnownFileType = sourcecode.c.objc; path = AppDelegate.m; sourceTree = "<group>"; };
		097EDD2B1FD11B6A0049C6D0 /* Base */ = {isa = PBXFileReference; lastKnownFileType = file.storyboard; name = Base; path = Base.lproj/Main.storyboard; sourceTree = "<group>"; };
		097EDD2D1FD11B6A0049C6D0 /* Assets.xcassets */ = {isa = PBXFileReference; lastKnownFileType = folder.assetcatalog; path = Assets.xcassets; sourceTree = "<group>"; };
		097EDD301FD11B6A0049C6D0 /* Base */ = {isa = PBXFileReference; lastKnownFileType = file.storyboard; name = Base; path = Base.lproj/LaunchScreen.storyboard; sourceTree = "<group>"; };
		097EDD321FD11B6A0049C6D0 /* Info.plist */ = {isa = PBXFileReference; lastKnownFileType = text.plist.xml; path = Info.plist; sourceTree = "<group>"; };
		097EDD531FD184840049C6D0 /* ReceiptVC.h */ = {isa = PBXFileReference; fileEncoding = 4; lastKnownFileType = sourcecode.c.h; path = ReceiptVC.h; sourceTree = "<group>"; };
		097EDD541FD184840049C6D0 /* ReceiptVC.m */ = {isa = PBXFileReference; fileEncoding = 4; lastKnownFileType = sourcecode.c.objc; path = ReceiptVC.m; sourceTree = "<group>"; };
		097EDD571FD193B30049C6D0 /* UnitDetailList_CollectionCell.h */ = {isa = PBXFileReference; fileEncoding = 4; lastKnownFileType = sourcecode.c.h; path = UnitDetailList_CollectionCell.h; sourceTree = "<group>"; };
		097EDD581FD193B30049C6D0 /* UnitDetailList_CollectionCell.m */ = {isa = PBXFileReference; fileEncoding = 4; lastKnownFileType = sourcecode.c.objc; path = UnitDetailList_CollectionCell.m; sourceTree = "<group>"; };
		09821A6E1FD6626E0082CD3E /* WToast.h */ = {isa = PBXFileReference; fileEncoding = 4; lastKnownFileType = sourcecode.c.h; path = WToast.h; sourceTree = "<group>"; };
		09821A6F1FD6626E0082CD3E /* WToast.m */ = {isa = PBXFileReference; fileEncoding = 4; lastKnownFileType = sourcecode.c.objc; path = WToast.m; sourceTree = "<group>"; };
		09821A721FD662840082CD3E /* Utility.h */ = {isa = PBXFileReference; fileEncoding = 4; lastKnownFileType = sourcecode.c.h; path = Utility.h; sourceTree = "<group>"; };
		09821A731FD662840082CD3E /* Utility.m */ = {isa = PBXFileReference; fileEncoding = 4; lastKnownFileType = sourcecode.c.objc; path = Utility.m; sourceTree = "<group>"; };
		09821A761FD662BB0082CD3E /* loginVc.h */ = {isa = PBXFileReference; fileEncoding = 4; lastKnownFileType = sourcecode.c.h; path = loginVc.h; sourceTree = "<group>"; };
		09821A801FD6637B0082CD3E /* Reachability.h */ = {isa = PBXFileReference; fileEncoding = 4; lastKnownFileType = sourcecode.c.h; path = Reachability.h; sourceTree = "<group>"; };
		09821A811FD6637B0082CD3E /* Reachability.m */ = {isa = PBXFileReference; fileEncoding = 4; lastKnownFileType = sourcecode.c.objc; path = Reachability.m; sourceTree = "<group>"; };
		09821A831FD6648E0082CD3E /* HomeVC.h */ = {isa = PBXFileReference; fileEncoding = 4; lastKnownFileType = sourcecode.c.h; path = HomeVC.h; sourceTree = "<group>"; };
		09821A841FD6648E0082CD3E /* HomeVC.m */ = {isa = PBXFileReference; fileEncoding = 4; lastKnownFileType = sourcecode.c.objc; path = HomeVC.m; sourceTree = "<group>"; };
		09821A871FD6796A0082CD3E /* DocumentListVC.h */ = {isa = PBXFileReference; fileEncoding = 4; lastKnownFileType = sourcecode.c.h; path = DocumentListVC.h; sourceTree = "<group>"; };
		09821A881FD6796A0082CD3E /* DocumentListVC.m */ = {isa = PBXFileReference; fileEncoding = 4; lastKnownFileType = sourcecode.c.objc; path = DocumentListVC.m; sourceTree = "<group>"; };
		09821A8B1FD69BD30082CD3E /* UploadDocumentVC.h */ = {isa = PBXFileReference; fileEncoding = 4; lastKnownFileType = sourcecode.c.h; path = UploadDocumentVC.h; sourceTree = "<group>"; };
		09821A8C1FD69BD30082CD3E /* UploadDocumentVC.m */ = {isa = PBXFileReference; fileEncoding = 4; lastKnownFileType = sourcecode.c.objc; path = UploadDocumentVC.m; sourceTree = "<group>"; };
		09821A8E1FD6AAA60082CD3E /* UnitAvailabilityDetailVC.h */ = {isa = PBXFileReference; fileEncoding = 4; lastKnownFileType = sourcecode.c.h; path = UnitAvailabilityDetailVC.h; sourceTree = "<group>"; };
		09821A921FD6AAD00082CD3E /* CellUnitDetail.h */ = {isa = PBXFileReference; fileEncoding = 4; lastKnownFileType = sourcecode.c.h; path = CellUnitDetail.h; sourceTree = "<group>"; };
		09821A931FD6AAD00082CD3E /* CellUnitDetail.m */ = {isa = PBXFileReference; fileEncoding = 4; lastKnownFileType = sourcecode.c.objc; path = CellUnitDetail.m; sourceTree = "<group>"; };
		09821A951FD6AB0D0082CD3E /* UnitAvailabilityListVC.h */ = {isa = PBXFileReference; fileEncoding = 4; lastKnownFileType = sourcecode.c.h; path = UnitAvailabilityListVC.h; sourceTree = "<group>"; };
		09821A961FD6AB0D0082CD3E /* UnitAvailabilityListVC.m */ = {isa = PBXFileReference; fileEncoding = 4; lastKnownFileType = sourcecode.c.objc; path = UnitAvailabilityListVC.m; sourceTree = "<group>"; };
		09821A981FD6AB5A0082CD3E /* Globle.h */ = {isa = PBXFileReference; fileEncoding = 4; lastKnownFileType = sourcecode.c.h; path = Globle.h; sourceTree = "<group>"; };
		09821A9B1FD6B3100082CD3E /* UnitAvailabilityDetailVC.m */ = {isa = PBXFileReference; fileEncoding = 4; lastKnownFileType = sourcecode.c.objc; path = UnitAvailabilityDetailVC.m; sourceTree = "<group>"; };
		09821A9D1FD6CF6E0082CD3E /* loginVc.m */ = {isa = PBXFileReference; fileEncoding = 4; lastKnownFileType = sourcecode.c.objc; path = loginVc.m; sourceTree = "<group>"; };
		099DD0EC1FD7B7B4007B4BEA /* NIDropDown.h */ = {isa = PBXFileReference; fileEncoding = 4; lastKnownFileType = sourcecode.c.h; path = NIDropDown.h; sourceTree = "<group>"; };
		099DD0ED1FD7B7B4007B4BEA /* NIDropDown.m */ = {isa = PBXFileReference; fileEncoding = 4; lastKnownFileType = sourcecode.c.objc; path = NIDropDown.m; sourceTree = "<group>"; };
		09C5EDE71FD511B000478354 /* PayOutVC.h */ = {isa = PBXFileReference; fileEncoding = 4; lastKnownFileType = sourcecode.c.h; path = PayOutVC.h; sourceTree = "<group>"; };
		09C5EDE81FD511B000478354 /* PayOutVC.m */ = {isa = PBXFileReference; fileEncoding = 4; lastKnownFileType = sourcecode.c.objc; path = PayOutVC.m; sourceTree = "<group>"; };
		09C5EDEA1FD511C700478354 /* CustomerVC.h */ = {isa = PBXFileReference; fileEncoding = 4; lastKnownFileType = sourcecode.c.h; path = CustomerVC.h; sourceTree = "<group>"; };
		09C5EDEB1FD511C700478354 /* CustomerVC.m */ = {isa = PBXFileReference; fileEncoding = 4; lastKnownFileType = sourcecode.c.objc; path = CustomerVC.m; sourceTree = "<group>"; };
		09C5EDF31FD511E700478354 /* CollectionVC.h */ = {isa = PBXFileReference; fileEncoding = 4; lastKnownFileType = sourcecode.c.h; path = CollectionVC.h; sourceTree = "<group>"; };
		09C5EDF41FD511E700478354 /* CollectionVC.m */ = {isa = PBXFileReference; fileEncoding = 4; lastKnownFileType = sourcecode.c.objc; path = CollectionVC.m; sourceTree = "<group>"; };
		09C5EDF91FD5460000478354 /* AddCustomerVC.h */ = {isa = PBXFileReference; fileEncoding = 4; lastKnownFileType = sourcecode.c.h; path = AddCustomerVC.h; sourceTree = "<group>"; };
		09C5EDFA1FD5460000478354 /* AddCustomerVC.m */ = {isa = PBXFileReference; fileEncoding = 4; lastKnownFileType = sourcecode.c.objc; path = AddCustomerVC.m; sourceTree = "<group>"; };
		09C5EDFD1FD5554C00478354 /* CustomerDetailVC.h */ = {isa = PBXFileReference; fileEncoding = 4; lastKnownFileType = sourcecode.c.h; path = CustomerDetailVC.h; sourceTree = "<group>"; };
		09C5EDFE1FD5554C00478354 /* CustomerDetailVC.m */ = {isa = PBXFileReference; fileEncoding = 4; lastKnownFileType = sourcecode.c.objc; path = CustomerDetailVC.m; sourceTree = "<group>"; };
		09C5EE011FD559AC00478354 /* UITextView+Placeholder.h */ = {isa = PBXFileReference; fileEncoding = 4; lastKnownFileType = sourcecode.c.h; path = "UITextView+Placeholder.h"; sourceTree = "<group>"; };
		09C5EE021FD559AC00478354 /* UITextView+Placeholder.m */ = {isa = PBXFileReference; fileEncoding = 4; lastKnownFileType = sourcecode.c.objc; path = "UITextView+Placeholder.m"; sourceTree = "<group>"; };
		09C5EE081FD574ED00478354 /* UnitPrice_TblCellVC.h */ = {isa = PBXFileReference; fileEncoding = 4; lastKnownFileType = sourcecode.c.h; path = UnitPrice_TblCellVC.h; sourceTree = "<group>"; };
		09C5EE091FD574ED00478354 /* UnitPrice_TblCellVC.m */ = {isa = PBXFileReference; fileEncoding = 4; lastKnownFileType = sourcecode.c.objc; path = UnitPrice_TblCellVC.m; sourceTree = "<group>"; };
		09C5EE0F1FD583FC00478354 /* BookingListVC.h */ = {isa = PBXFileReference; fileEncoding = 4; lastKnownFileType = sourcecode.c.h; path = BookingListVC.h; sourceTree = "<group>"; };
		09C5EE101FD583FC00478354 /* BookingListVC.m */ = {isa = PBXFileReference; fileEncoding = 4; lastKnownFileType = sourcecode.c.objc; path = BookingListVC.m; sourceTree = "<group>"; };
		09C5EE141FD58EEA00478354 /* AddBookingVC.h */ = {isa = PBXFileReference; fileEncoding = 4; lastKnownFileType = sourcecode.c.h; path = AddBookingVC.h; sourceTree = "<group>"; };
		09C5EE151FD58EEA00478354 /* AddBookingVC.m */ = {isa = PBXFileReference; fileEncoding = 4; lastKnownFileType = sourcecode.c.objc; path = AddBookingVC.m; sourceTree = "<group>"; };
		5C19FADEAE4EDCD1F11D29F7 /* Pods-RealEstate.debug.xcconfig */ = {isa = PBXFileReference; includeInIndex = 1; lastKnownFileType = text.xcconfig; name = "Pods-RealEstate.debug.xcconfig"; path = "Pods/Target Support Files/Pods-RealEstate/Pods-RealEstate.debug.xcconfig"; sourceTree = "<group>"; };
		D374E63E34E2EFAF60C09357 /* Pods-RealEstate.release.xcconfig */ = {isa = PBXFileReference; includeInIndex = 1; lastKnownFileType = text.xcconfig; name = "Pods-RealEstate.release.xcconfig"; path = "Pods/Target Support Files/Pods-RealEstate/Pods-RealEstate.release.xcconfig"; sourceTree = "<group>"; };
		FB9345D54F4B57102C6C5998 /* libPods-RealEstate.a */ = {isa = PBXFileReference; explicitFileType = archive.ar; includeInIndex = 0; path = "libPods-RealEstate.a"; sourceTree = BUILT_PRODUCTS_DIR; };
/* End PBXFileReference section */

/* Begin PBXFrameworksBuildPhase section */
		097EDD1B1FD11B690049C6D0 /* Frameworks */ = {
			isa = PBXFrameworksBuildPhase;
			buildActionMask = 2147483647;
			files = (
				085895E9042198933EC1FCC1 /* libPods-RealEstate.a in Frameworks */,
			);
			runOnlyForDeploymentPostprocessing = 0;
		};
/* End PBXFrameworksBuildPhase section */

/* Begin PBXGroup section */
		097EDD151FD11B690049C6D0 = {
			isa = PBXGroup;
			children = (
				097EDD201FD11B6A0049C6D0 /* RealEstate */,
				097EDD1F1FD11B6A0049C6D0 /* Products */,
				B9F5ACD3A8AA2E35739B999A /* Pods */,
				8C8EAA8C8910535061370EF3 /* Frameworks */,
			);
			sourceTree = "<group>";
		};
		097EDD1F1FD11B6A0049C6D0 /* Products */ = {
			isa = PBXGroup;
			children = (
				097EDD1E1FD11B6A0049C6D0 /* RealEstate.app */,
			);
			name = Products;
			sourceTree = "<group>";
		};
		097EDD201FD11B6A0049C6D0 /* RealEstate */ = {
			isa = PBXGroup;
			children = (
				097EDD241FD11B6A0049C6D0 /* AppDelegate.h */,
				097EDD251FD11B6A0049C6D0 /* AppDelegate.m */,
				097EDD3B1FD11C2F0049C6D0 /* ThirdParty */,
				097EDD391FD11BF30049C6D0 /* Utility */,
				097EDD381FD11BCD0049C6D0 /* ViewController */,
				097EDD2A1FD11B6A0049C6D0 /* Main.storyboard */,
				097EDD2D1FD11B6A0049C6D0 /* Assets.xcassets */,
				097EDD2F1FD11B6A0049C6D0 /* LaunchScreen.storyboard */,
				097EDD321FD11B6A0049C6D0 /* Info.plist */,
				097EDD211FD11B6A0049C6D0 /* Supporting Files */,
			);
			path = RealEstate;
			sourceTree = "<group>";
		};
		097EDD211FD11B6A0049C6D0 /* Supporting Files */ = {
			isa = PBXGroup;
			children = (
				097EDD221FD11B6A0049C6D0 /* main.m */,
			);
			name = "Supporting Files";
			sourceTree = "<group>";
		};
		097EDD381FD11BCD0049C6D0 /* ViewController */ = {
			isa = PBXGroup;
			children = (
				09821A751FD662BB0082CD3E /* LoginVc */,
				097EDD3C1FD11F3E0049C6D0 /* HomeVC */,
				097EDD441FD150B20049C6D0 /* UnitAvailabilityVC */,
				097EDD451FD150D00049C6D0 /* ReceiptVC */,
				097EDD461FD150EC0049C6D0 /* PayOutVC */,
				097EDD471FD1510B0049C6D0 /* CustomerVC */,
				097EDD481FD1512B0049C6D0 /* BookingVC */,
				097EDD4A1FD151580049C6D0 /* CollectionVC */,
				097EDD491FD151430049C6D0 /* DocumentVC */,
			);
			path = ViewController;
			sourceTree = "<group>";
		};
		097EDD391FD11BF30049C6D0 /* Utility */ = {
			isa = PBXGroup;
			children = (
				09821A981FD6AB5A0082CD3E /* Globle.h */,
				09821A721FD662840082CD3E /* Utility.h */,
				09821A731FD662840082CD3E /* Utility.m */,
			);
			path = Utility;
			sourceTree = "<group>";
		};
		097EDD3B1FD11C2F0049C6D0 /* ThirdParty */ = {
			isa = PBXGroup;
			children = (
				099DD0EB1FD7B77C007B4BEA /* NIDropdown */,
				09821A7F1FD6635F0082CD3E /* Rechability */,
				09821A6D1FD6623B0082CD3E /* WToast */,
				09C5EE001FD5599300478354 /* TextView_PlaceHolder */,
			);
			path = ThirdParty;
			sourceTree = "<group>";
		};
		097EDD3C1FD11F3E0049C6D0 /* HomeVC */ = {
			isa = PBXGroup;
			children = (
				09821A831FD6648E0082CD3E /* HomeVC.h */,
				09821A841FD6648E0082CD3E /* HomeVC.m */,
			);
			path = HomeVC;
			sourceTree = "<group>";
		};
		097EDD441FD150B20049C6D0 /* UnitAvailabilityVC */ = {
			isa = PBXGroup;
			children = (
				097EDD4B1FD151DE0049C6D0 /* UnitAvailabilityListVC */,
				097EDD4F1FD152250049C6D0 /* UnitAvailabilityDetailVC */,
			);
			path = UnitAvailabilityVC;
			sourceTree = "<group>";
		};
		097EDD451FD150D00049C6D0 /* ReceiptVC */ = {
			isa = PBXGroup;
			children = (
				097EDD531FD184840049C6D0 /* ReceiptVC.h */,
				097EDD541FD184840049C6D0 /* ReceiptVC.m */,
				097EDD561FD1934A0049C6D0 /* CollectionCellVC */,
			);
			path = ReceiptVC;
			sourceTree = "<group>";
		};
		097EDD461FD150EC0049C6D0 /* PayOutVC */ = {
			isa = PBXGroup;
			children = (
				09C5EDE71FD511B000478354 /* PayOutVC.h */,
				09C5EDE81FD511B000478354 /* PayOutVC.m */,
			);
			path = PayOutVC;
			sourceTree = "<group>";
		};
		097EDD471FD1510B0049C6D0 /* CustomerVC */ = {
			isa = PBXGroup;
			children = (
				09C5EDEA1FD511C700478354 /* CustomerVC.h */,
				09C5EDEB1FD511C700478354 /* CustomerVC.m */,
				09C5EDF81FD545CC00478354 /* AddCustomerVC */,
				09C5EDFC1FD5551E00478354 /* CustomerDetailVC */,
			);
			path = CustomerVC;
			sourceTree = "<group>";
		};
		097EDD481FD1512B0049C6D0 /* BookingVC */ = {
			isa = PBXGroup;
			children = (
				09C5EE131FD58EA800478354 /* AddBookingVC */,
				09C5EE0E1FD583D400478354 /* BookingListVC */,
				09C5EE041FD5747000478354 /* UnitPriceList_tblCellVC */,
			);
			path = BookingVC;
			sourceTree = "<group>";
		};
		097EDD491FD151430049C6D0 /* DocumentVC */ = {
			isa = PBXGroup;
			children = (
				09821A861FD6792F0082CD3E /* DocumentListVC */,
				09821A8A1FD69B8B0082CD3E /* UploadDocumentVC */,
			);
			path = DocumentVC;
			sourceTree = "<group>";
		};
		097EDD4A1FD151580049C6D0 /* CollectionVC */ = {
			isa = PBXGroup;
			children = (
				09C5EDF31FD511E700478354 /* CollectionVC.h */,
				09C5EDF41FD511E700478354 /* CollectionVC.m */,
			);
			path = CollectionVC;
			sourceTree = "<group>";
		};
		097EDD4B1FD151DE0049C6D0 /* UnitAvailabilityListVC */ = {
			isa = PBXGroup;
			children = (
				09821A951FD6AB0D0082CD3E /* UnitAvailabilityListVC.h */,
				09821A961FD6AB0D0082CD3E /* UnitAvailabilityListVC.m */,
			);
			path = UnitAvailabilityListVC;
			sourceTree = "<group>";
		};
		097EDD4F1FD152250049C6D0 /* UnitAvailabilityDetailVC */ = {
			isa = PBXGroup;
			children = (
				09821A911FD6AAD00082CD3E /* CollectionCell */,
				09821A8E1FD6AAA60082CD3E /* UnitAvailabilityDetailVC.h */,
				09821A9B1FD6B3100082CD3E /* UnitAvailabilityDetailVC.m */,
			);
			path = UnitAvailabilityDetailVC;
			sourceTree = "<group>";
		};
		097EDD561FD1934A0049C6D0 /* CollectionCellVC */ = {
			isa = PBXGroup;
			children = (
				097EDD571FD193B30049C6D0 /* UnitDetailList_CollectionCell.h */,
				097EDD581FD193B30049C6D0 /* UnitDetailList_CollectionCell.m */,
			);
			path = CollectionCellVC;
			sourceTree = "<group>";
		};
		09821A6D1FD6623B0082CD3E /* WToast */ = {
			isa = PBXGroup;
			children = (
				09821A6E1FD6626E0082CD3E /* WToast.h */,
				09821A6F1FD6626E0082CD3E /* WToast.m */,
			);
			path = WToast;
			sourceTree = "<group>";
		};
		09821A751FD662BB0082CD3E /* LoginVc */ = {
			isa = PBXGroup;
			children = (
				09821A761FD662BB0082CD3E /* loginVc.h */,
				09821A9D1FD6CF6E0082CD3E /* loginVc.m */,
			);
			path = LoginVc;
			sourceTree = "<group>";
		};
		09821A7F1FD6635F0082CD3E /* Rechability */ = {
			isa = PBXGroup;
			children = (
				09821A801FD6637B0082CD3E /* Reachability.h */,
				09821A811FD6637B0082CD3E /* Reachability.m */,
			);
			name = Rechability;
			sourceTree = "<group>";
		};
		09821A861FD6792F0082CD3E /* DocumentListVC */ = {
			isa = PBXGroup;
			children = (
				09821A871FD6796A0082CD3E /* DocumentListVC.h */,
				09821A881FD6796A0082CD3E /* DocumentListVC.m */,
			);
			path = DocumentListVC;
			sourceTree = "<group>";
		};
		09821A8A1FD69B8B0082CD3E /* UploadDocumentVC */ = {
			isa = PBXGroup;
			children = (
				09821A8B1FD69BD30082CD3E /* UploadDocumentVC.h */,
				09821A8C1FD69BD30082CD3E /* UploadDocumentVC.m */,
			);
			path = UploadDocumentVC;
			sourceTree = "<group>";
		};
		09821A911FD6AAD00082CD3E /* CollectionCell */ = {
			isa = PBXGroup;
			children = (
				09821A921FD6AAD00082CD3E /* CellUnitDetail.h */,
				09821A931FD6AAD00082CD3E /* CellUnitDetail.m */,
			);
			path = CollectionCell;
			sourceTree = "<group>";
		};
		099DD0EB1FD7B77C007B4BEA /* NIDropdown */ = {
			isa = PBXGroup;
			children = (
				099DD0EC1FD7B7B4007B4BEA /* NIDropDown.h */,
				099DD0ED1FD7B7B4007B4BEA /* NIDropDown.m */,
			);
			path = NIDropdown;
			sourceTree = "<group>";
		};
		09C5EDF81FD545CC00478354 /* AddCustomerVC */ = {
			isa = PBXGroup;
			children = (
				09C5EDF91FD5460000478354 /* AddCustomerVC.h */,
				09C5EDFA1FD5460000478354 /* AddCustomerVC.m */,
			);
			path = AddCustomerVC;
			sourceTree = "<group>";
		};
		09C5EDFC1FD5551E00478354 /* CustomerDetailVC */ = {
			isa = PBXGroup;
			children = (
				09C5EDFD1FD5554C00478354 /* CustomerDetailVC.h */,
				09C5EDFE1FD5554C00478354 /* CustomerDetailVC.m */,
			);
			path = CustomerDetailVC;
			sourceTree = "<group>";
		};
		09C5EE001FD5599300478354 /* TextView_PlaceHolder */ = {
			isa = PBXGroup;
			children = (
				09C5EE011FD559AC00478354 /* UITextView+Placeholder.h */,
				09C5EE021FD559AC00478354 /* UITextView+Placeholder.m */,
			);
			path = TextView_PlaceHolder;
			sourceTree = "<group>";
		};
		09C5EE041FD5747000478354 /* UnitPriceList_tblCellVC */ = {
			isa = PBXGroup;
			children = (
				09C5EE081FD574ED00478354 /* UnitPrice_TblCellVC.h */,
				09C5EE091FD574ED00478354 /* UnitPrice_TblCellVC.m */,
			);
			path = UnitPriceList_tblCellVC;
			sourceTree = "<group>";
		};
		09C5EE0E1FD583D400478354 /* BookingListVC */ = {
			isa = PBXGroup;
			children = (
				09C5EE0F1FD583FC00478354 /* BookingListVC.h */,
				09C5EE101FD583FC00478354 /* BookingListVC.m */,
			);
			path = BookingListVC;
			sourceTree = "<group>";
		};
		09C5EE131FD58EA800478354 /* AddBookingVC */ = {
			isa = PBXGroup;
			children = (
				09C5EE141FD58EEA00478354 /* AddBookingVC.h */,
				09C5EE151FD58EEA00478354 /* AddBookingVC.m */,
			);
			path = AddBookingVC;
			sourceTree = "<group>";
		};
		8C8EAA8C8910535061370EF3 /* Frameworks */ = {
			isa = PBXGroup;
			children = (
				FB9345D54F4B57102C6C5998 /* libPods-RealEstate.a */,
			);
			name = Frameworks;
			sourceTree = "<group>";
		};
		B9F5ACD3A8AA2E35739B999A /* Pods */ = {
			isa = PBXGroup;
			children = (
				5C19FADEAE4EDCD1F11D29F7 /* Pods-RealEstate.debug.xcconfig */,
				D374E63E34E2EFAF60C09357 /* Pods-RealEstate.release.xcconfig */,
			);
			name = Pods;
			sourceTree = "<group>";
		};
/* End PBXGroup section */

/* Begin PBXNativeTarget section */
		097EDD1D1FD11B690049C6D0 /* RealEstate */ = {
			isa = PBXNativeTarget;
			buildConfigurationList = 097EDD351FD11B6A0049C6D0 /* Build configuration list for PBXNativeTarget "RealEstate" */;
			buildPhases = (
				A1833A1FFC58349815C3DE28 /* [CP] Check Pods Manifest.lock */,
				097EDD1A1FD11B690049C6D0 /* Sources */,
				097EDD1B1FD11B690049C6D0 /* Frameworks */,
				097EDD1C1FD11B690049C6D0 /* Resources */,
				66CEF7953982C1256F6644C8 /* [CP] Embed Pods Frameworks */,
				237D8F889348A788A8298827 /* [CP] Copy Pods Resources */,
			);
			buildRules = (
			);
			dependencies = (
			);
			name = RealEstate;
			productName = RealEstate;
			productReference = 097EDD1E1FD11B6A0049C6D0 /* RealEstate.app */;
			productType = "com.apple.product-type.application";
		};
/* End PBXNativeTarget section */

/* Begin PBXProject section */
		097EDD161FD11B690049C6D0 /* Project object */ = {
			isa = PBXProject;
			attributes = {
				LastUpgradeCheck = 0820;
				ORGANIZATIONNAME = Softqube;
				TargetAttributes = {
					097EDD1D1FD11B690049C6D0 = {
						CreatedOnToolsVersion = 8.2;
						ProvisioningStyle = Manual;
					};
				};
			};
			buildConfigurationList = 097EDD191FD11B690049C6D0 /* Build configuration list for PBXProject "RealEstate" */;
			compatibilityVersion = "Xcode 3.2";
			developmentRegion = English;
			hasScannedForEncodings = 0;
			knownRegions = (
				en,
				Base,
			);
			mainGroup = 097EDD151FD11B690049C6D0;
			productRefGroup = 097EDD1F1FD11B6A0049C6D0 /* Products */;
			projectDirPath = "";
			projectRoot = "";
			targets = (
				097EDD1D1FD11B690049C6D0 /* RealEstate */,
			);
		};
/* End PBXProject section */

/* Begin PBXResourcesBuildPhase section */
		097EDD1C1FD11B690049C6D0 /* Resources */ = {
			isa = PBXResourcesBuildPhase;
			buildActionMask = 2147483647;
			files = (
				097EDD311FD11B6A0049C6D0 /* LaunchScreen.storyboard in Resources */,
				097EDD2E1FD11B6A0049C6D0 /* Assets.xcassets in Resources */,
				097EDD2C1FD11B6A0049C6D0 /* Main.storyboard in Resources */,
			);
			runOnlyForDeploymentPostprocessing = 0;
		};
/* End PBXResourcesBuildPhase section */

/* Begin PBXShellScriptBuildPhase section */
		237D8F889348A788A8298827 /* [CP] Copy Pods Resources */ = {
			isa = PBXShellScriptBuildPhase;
			buildActionMask = 2147483647;
			files = (
			);
			inputPaths = (
			);
			name = "[CP] Copy Pods Resources";
			outputPaths = (
			);
			runOnlyForDeploymentPostprocessing = 0;
			shellPath = /bin/sh;
			shellScript = "\"${SRCROOT}/Pods/Target Support Files/Pods-RealEstate/Pods-RealEstate-resources.sh\"\n";
			showEnvVarsInLog = 0;
		};
		66CEF7953982C1256F6644C8 /* [CP] Embed Pods Frameworks */ = {
			isa = PBXShellScriptBuildPhase;
			buildActionMask = 2147483647;
			files = (
			);
			inputPaths = (
			);
			name = "[CP] Embed Pods Frameworks";
			outputPaths = (
			);
			runOnlyForDeploymentPostprocessing = 0;
			shellPath = /bin/sh;
			shellScript = "\"${SRCROOT}/Pods/Target Support Files/Pods-RealEstate/Pods-RealEstate-frameworks.sh\"\n";
			showEnvVarsInLog = 0;
		};
		A1833A1FFC58349815C3DE28 /* [CP] Check Pods Manifest.lock */ = {
			isa = PBXShellScriptBuildPhase;
			buildActionMask = 2147483647;
			files = (
			);
			inputPaths = (
			);
			name = "[CP] Check Pods Manifest.lock";
			outputPaths = (
			);
			runOnlyForDeploymentPostprocessing = 0;
			shellPath = /bin/sh;
			shellScript = "diff \"${PODS_ROOT}/../Podfile.lock\" \"${PODS_ROOT}/Manifest.lock\" > /dev/null\nif [ $? != 0 ] ; then\n    # print error to STDERR\n    echo \"error: The sandbox is not in sync with the Podfile.lock. Run 'pod install' or update your CocoaPods installation.\" >&2\n    exit 1\nfi\n";
			showEnvVarsInLog = 0;
		};
/* End PBXShellScriptBuildPhase section */

/* Begin PBXSourcesBuildPhase section */
		097EDD1A1FD11B690049C6D0 /* Sources */ = {
			isa = PBXSourcesBuildPhase;
			buildActionMask = 2147483647;
			files = (
				09C5EDEC1FD511C700478354 /* CustomerVC.m in Sources */,
				09C5EDE91FD511B000478354 /* PayOutVC.m in Sources */,
				09821A851FD6648E0082CD3E /* HomeVC.m in Sources */,
				09821A891FD6796A0082CD3E /* DocumentListVC.m in Sources */,
				09C5EDFF1FD5554C00478354 /* CustomerDetailVC.m in Sources */,
				09821A971FD6AB0D0082CD3E /* UnitAvailabilityListVC.m in Sources */,
				09821A701FD6626E0082CD3E /* WToast.m in Sources */,
				09821A941FD6AAD00082CD3E /* CellUnitDetail.m in Sources */,
				09C5EDF51FD511E700478354 /* CollectionVC.m in Sources */,
				09C5EE0A1FD574ED00478354 /* UnitPrice_TblCellVC.m in Sources */,
				09821A9E1FD6CF6E0082CD3E /* loginVc.m in Sources */,
				097EDD551FD184840049C6D0 /* ReceiptVC.m in Sources */,
				09821A741FD662840082CD3E /* Utility.m in Sources */,
				097EDD591FD193B30049C6D0 /* UnitDetailList_CollectionCell.m in Sources */,
				09821A821FD6637B0082CD3E /* Reachability.m in Sources */,
				09C5EE111FD583FC00478354 /* BookingListVC.m in Sources */,
				09C5EE161FD58EEA00478354 /* AddBookingVC.m in Sources */,
				09821A8D1FD69BD30082CD3E /* UploadDocumentVC.m in Sources */,
				097EDD261FD11B6A0049C6D0 /* AppDelegate.m in Sources */,
				099DD0EE1FD7B7B4007B4BEA /* NIDropDown.m in Sources */,
				09C5EDFB1FD5460000478354 /* AddCustomerVC.m in Sources */,
				097EDD231FD11B6A0049C6D0 /* main.m in Sources */,
				09821A9C1FD6B3100082CD3E /* UnitAvailabilityDetailVC.m in Sources */,
				09C5EE031FD559AC00478354 /* UITextView+Placeholder.m in Sources */,
			);
			runOnlyForDeploymentPostprocessing = 0;
		};
/* End PBXSourcesBuildPhase section */

/* Begin PBXVariantGroup section */
		097EDD2A1FD11B6A0049C6D0 /* Main.storyboard */ = {
			isa = PBXVariantGroup;
			children = (
				097EDD2B1FD11B6A0049C6D0 /* Base */,
			);
			name = Main.storyboard;
			sourceTree = "<group>";
		};
		097EDD2F1FD11B6A0049C6D0 /* LaunchScreen.storyboard */ = {
			isa = PBXVariantGroup;
			children = (
				097EDD301FD11B6A0049C6D0 /* Base */,
			);
			name = LaunchScreen.storyboard;
			sourceTree = "<group>";
		};
/* End PBXVariantGroup section */

/* Begin XCBuildConfiguration section */
		097EDD331FD11B6A0049C6D0 /* Debug */ = {
			isa = XCBuildConfiguration;
			buildSettings = {
				ALWAYS_SEARCH_USER_PATHS = NO;
				CLANG_ANALYZER_NONNULL = YES;
				CLANG_CXX_LANGUAGE_STANDARD = "gnu++0x";
				CLANG_CXX_LIBRARY = "libc++";
				CLANG_ENABLE_MODULES = YES;
				CLANG_ENABLE_OBJC_ARC = YES;
				CLANG_WARN_BOOL_CONVERSION = YES;
				CLANG_WARN_CONSTANT_CONVERSION = YES;
				CLANG_WARN_DIRECT_OBJC_ISA_USAGE = YES_ERROR;
				CLANG_WARN_DOCUMENTATION_COMMENTS = YES;
				CLANG_WARN_EMPTY_BODY = YES;
				CLANG_WARN_ENUM_CONVERSION = YES;
				CLANG_WARN_INFINITE_RECURSION = YES;
				CLANG_WARN_INT_CONVERSION = YES;
				CLANG_WARN_OBJC_ROOT_CLASS = YES_ERROR;
				CLANG_WARN_SUSPICIOUS_MOVE = YES;
				CLANG_WARN_UNREACHABLE_CODE = YES;
				CLANG_WARN__DUPLICATE_METHOD_MATCH = YES;
				"CODE_SIGN_IDENTITY[sdk=iphoneos*]" = "iPhone Developer";
				COPY_PHASE_STRIP = NO;
				DEBUG_INFORMATION_FORMAT = dwarf;
				ENABLE_STRICT_OBJC_MSGSEND = YES;
				ENABLE_TESTABILITY = YES;
				GCC_C_LANGUAGE_STANDARD = gnu99;
				GCC_DYNAMIC_NO_PIC = NO;
				GCC_NO_COMMON_BLOCKS = YES;
				GCC_OPTIMIZATION_LEVEL = 0;
				GCC_PREPROCESSOR_DEFINITIONS = (
					"DEBUG=1",
					"$(inherited)",
				);
				GCC_WARN_64_TO_32_BIT_CONVERSION = YES;
				GCC_WARN_ABOUT_RETURN_TYPE = YES_ERROR;
				GCC_WARN_UNDECLARED_SELECTOR = YES;
				GCC_WARN_UNINITIALIZED_AUTOS = YES_AGGRESSIVE;
				GCC_WARN_UNUSED_FUNCTION = YES;
				GCC_WARN_UNUSED_VARIABLE = YES;
				IPHONEOS_DEPLOYMENT_TARGET = 10.2;
				MTL_ENABLE_DEBUG_INFO = YES;
				ONLY_ACTIVE_ARCH = YES;
				SDKROOT = iphoneos;
			};
			name = Debug;
		};
		097EDD341FD11B6A0049C6D0 /* Release */ = {
			isa = XCBuildConfiguration;
			buildSettings = {
				ALWAYS_SEARCH_USER_PATHS = NO;
				CLANG_ANALYZER_NONNULL = YES;
				CLANG_CXX_LANGUAGE_STANDARD = "gnu++0x";
				CLANG_CXX_LIBRARY = "libc++";
				CLANG_ENABLE_MODULES = YES;
				CLANG_ENABLE_OBJC_ARC = YES;
				CLANG_WARN_BOOL_CONVERSION = YES;
				CLANG_WARN_CONSTANT_CONVERSION = YES;
				CLANG_WARN_DIRECT_OBJC_ISA_USAGE = YES_ERROR;
				CLANG_WARN_DOCUMENTATION_COMMENTS = YES;
				CLANG_WARN_EMPTY_BODY = YES;
				CLANG_WARN_ENUM_CONVERSION = YES;
				CLANG_WARN_INFINITE_RECURSION = YES;
				CLANG_WARN_INT_CONVERSION = YES;
				CLANG_WARN_OBJC_ROOT_CLASS = YES_ERROR;
				CLANG_WARN_SUSPICIOUS_MOVE = YES;
				CLANG_WARN_UNREACHABLE_CODE = YES;
				CLANG_WARN__DUPLICATE_METHOD_MATCH = YES;
				"CODE_SIGN_IDENTITY[sdk=iphoneos*]" = "iPhone Developer";
				COPY_PHASE_STRIP = NO;
				DEBUG_INFORMATION_FORMAT = "dwarf-with-dsym";
				ENABLE_NS_ASSERTIONS = NO;
				ENABLE_STRICT_OBJC_MSGSEND = YES;
				GCC_C_LANGUAGE_STANDARD = gnu99;
				GCC_NO_COMMON_BLOCKS = YES;
				GCC_WARN_64_TO_32_BIT_CONVERSION = YES;
				GCC_WARN_ABOUT_RETURN_TYPE = YES_ERROR;
				GCC_WARN_UNDECLARED_SELECTOR = YES;
				GCC_WARN_UNINITIALIZED_AUTOS = YES_AGGRESSIVE;
				GCC_WARN_UNUSED_FUNCTION = YES;
				GCC_WARN_UNUSED_VARIABLE = YES;
				IPHONEOS_DEPLOYMENT_TARGET = 10.2;
				MTL_ENABLE_DEBUG_INFO = NO;
				SDKROOT = iphoneos;
				VALIDATE_PRODUCT = YES;
			};
			name = Release;
		};
		097EDD361FD11B6A0049C6D0 /* Debug */ = {
			isa = XCBuildConfiguration;
			baseConfigurationReference = 5C19FADEAE4EDCD1F11D29F7 /* Pods-RealEstate.debug.xcconfig */;
			buildSettings = {
				ASSETCATALOG_COMPILER_APPICON_NAME = AppIcon;
				DEVELOPMENT_TEAM = "";
				GCC_PREFIX_HEADER = "";
				INFOPLIST_FILE = RealEstate/Info.plist;
				LD_RUNPATH_SEARCH_PATHS = "$(inherited) @executable_path/Frameworks";
				PRODUCT_BUNDLE_IDENTIFIER = SDK.RealEstate;
				PRODUCT_NAME = "$(TARGET_NAME)";
			};
			name = Debug;
		};
		097EDD371FD11B6A0049C6D0 /* Release */ = {
			isa = XCBuildConfiguration;
			baseConfigurationReference = D374E63E34E2EFAF60C09357 /* Pods-RealEstate.release.xcconfig */;
			buildSettings = {
				ASSETCATALOG_COMPILER_APPICON_NAME = AppIcon;
				DEVELOPMENT_TEAM = "";
				GCC_PREFIX_HEADER = "";
				INFOPLIST_FILE = RealEstate/Info.plist;
				LD_RUNPATH_SEARCH_PATHS = "$(inherited) @executable_path/Frameworks";
				PRODUCT_BUNDLE_IDENTIFIER = SDK.RealEstate;
				PRODUCT_NAME = "$(TARGET_NAME)";
			};
			name = Release;
		};
/* End XCBuildConfiguration section */

/* Begin XCConfigurationList section */
		097EDD191FD11B690049C6D0 /* Build configuration list for PBXProject "RealEstate" */ = {
			isa = XCConfigurationList;
			buildConfigurations = (
				097EDD331FD11B6A0049C6D0 /* Debug */,
				097EDD341FD11B6A0049C6D0 /* Release */,
			);
			defaultConfigurationIsVisible = 0;
			defaultConfigurationName = Release;
		};
		097EDD351FD11B6A0049C6D0 /* Build configuration list for PBXNativeTarget "RealEstate" */ = {
			isa = XCConfigurationList;
			buildConfigurations = (
				097EDD361FD11B6A0049C6D0 /* Debug */,
				097EDD371FD11B6A0049C6D0 /* Release */,
			);
			defaultConfigurationIsVisible = 0;
			defaultConfigurationName = Release;
		};
/* End XCConfigurationList section */
	};
	rootObject = 097EDD161FD11B690049C6D0 /* Project object */;
}
